PATH
  remote: .
  specs:
    gemfilelint (0.4.1)
      bundler
      logger

GEM
  remote: https://rubygems.org/
  specs:
    drb (2.2.3)
    logger (1.7.0)
    minitest (6.0.6)
      drb (~> 2.0)
      prism (~> 1.5)
    prettier_print (1.2.1)
    prism (1.9.0)
    rake (13.4.2)
    syntax_tree (6.3.0)
      prettier_print (>= 1.2.0)

PLATFORMS
  arm64-darwin-21
  arm64-darwin-22
  arm64-darwin-23
  x86_64-darwin-19
  x86_64-darwin-21
  x86_64-linux

DEPENDENCIES
  gemfilelint!
  minitest
  rake
  syntax_tree

BUNDLED WITH
  4.0.4
